
Microsoft Visual Studio Solution File, Format Version 12.00
# Visual Studio Version 17
VisualStudioVersion = 17.9.34622.214
MinimumVisualStudioVersion = 10.0.40219.1
Project("{FAE04EC0-301F-11D3-BF4B-00C04F79EFBC}") = "Cut Weight", "Cut Weight.csproj", "{3F4394D4-64BB-41FD-A947-59C930C428F1}"
EndProject
Global
	GlobalSection(SolutionConfigurationPlatforms) = preSolution
		Debug|Any CPU = Debug|Any CPU
		Release|Any CPU = Release|Any CPU
	EndGlobalSection
	GlobalSection(ProjectConfigurationPlatforms) = postSolution
		{3F4394D4-64BB-41FD-A947-59C930C428F1}.Debug|Any CPU.ActiveCfg = Debug|Any CPU
		{3F4394D4-64BB-41FD-A947-59C930C428F1}.Debug|Any CPU.Build.0 = Debug|Any CPU
		{3F4394D4-64BB-41FD-A947-59C930C428F1}.Release|Any CPU.ActiveCfg = Release|Any CPU
		{3F4394D4-64BB-41FD-A947-59C930C428F1}.Release|Any CPU.Build.0 = Release|Any CPU
	EndGlobalSection
	GlobalSection(SolutionProperties) = preSolution
		HideSolutionNode = FALSE
	EndGlobalSection
	GlobalSection(ExtensibilityGlobals) = postSolution
		SolutionGuid = {331DA514-BBE2-4D85-AE8A-835257B216C9}
	EndGlobalSection
EndGlobal
